
Microsoft Visual Studio Solution File, Format Version 12.00
# Visual Studio Version 17
VisualStudioVersion = 17.7.34018.315
MinimumVisualStudioVersion = 10.0.40219.1
Project("{FAE04EC0-301F-11D3-BF4B-00C04F79EFBC}") = "WorkoutLogger2.0", "WorkoutLogger2.0.csproj", "{3F127173-1B2F-4E21-BEB4-EF5923BFA33C}"
EndProject
Global
	GlobalSection(SolutionConfigurationPlatforms) = preSolution
		Debug|Any CPU = Debug|Any CPU
		Release|Any CPU = Release|Any CPU
	EndGlobalSection
	GlobalSection(ProjectConfigurationPlatforms) = postSolution
		{3F127173-1B2F-4E21-BEB4-EF5923BFA33C}.Debug|Any CPU.ActiveCfg = Debug|Any CPU
		{3F127173-1B2F-4E21-BEB4-EF5923BFA33C}.Debug|Any CPU.Build.0 = Debug|Any CPU
		{3F127173-1B2F-4E21-BEB4-EF5923BFA33C}.Release|Any CPU.ActiveCfg = Release|Any CPU
		{3F127173-1B2F-4E21-BEB4-EF5923BFA33C}.Release|Any CPU.Build.0 = Release|Any CPU
	EndGlobalSection
	GlobalSection(SolutionProperties) = preSolution
		HideSolutionNode = FALSE
	EndGlobalSection
	GlobalSection(ExtensibilityGlobals) = postSolution
		SolutionGuid = {B6475AAD-4A5A-44CB-AB39-F887A22E22DB}
	EndGlobalSection
EndGlobal
